
Microsoft Visual Studio Solution File, Format Version 12.00
# Visual Studio Version 17
VisualStudioVersion = 17.7.34031.279
MinimumVisualStudioVersion = 10.0.40219.1
Project("{8BC9CEB8-8B4A-11D0-8D11-00A0C91BC942}") = "Tic-Tac-Toe", "Tic-Tac-Toe\Tic-Tac-Toe.vcxproj", "{E403F341-7F06-4108-95DD-E8C2BD24D1DE}"
EndProject
Project("{2150E333-8FDC-42A3-9474-1A3956D46DE8}") = "Solution Items", "Solution Items", "{8C1A4052-B112-453A-9DDB-6B66EA307190}"
EndProject
Global
	GlobalSection(SolutionConfigurationPlatforms) = preSolution
		Debug|x64 = Debug|x64
		Debug|x86 = Debug|x86
		Release|x64 = Release|x64
		Release|x86 = Release|x86
	EndGlobalSection
	GlobalSection(ProjectConfigurationPlatforms) = postSolution
		{E403F341-7F06-4108-95DD-E8C2BD24D1DE}.Debug|x64.ActiveCfg = Debug|x64
		{E403F341-7F06-4108-95DD-E8C2BD24D1DE}.Debug|x64.Build.0 = Debug|x64
		{E403F341-7F06-4108-95DD-E8C2BD24D1DE}.Debug|x86.ActiveCfg = Debug|Win32
		{E403F341-7F06-4108-95DD-E8C2BD24D1DE}.Debug|x86.Build.0 = Debug|Win32
		{E403F341-7F06-4108-95DD-E8C2BD24D1DE}.Release|x64.ActiveCfg = Release|x64
		{E403F341-7F06-4108-95DD-E8C2BD24D1DE}.Release|x64.Build.0 = Release|x64
		{E403F341-7F06-4108-95DD-E8C2BD24D1DE}.Release|x86.ActiveCfg = Release|Win32
		{E403F341-7F06-4108-95DD-E8C2BD24D1DE}.Release|x86.Build.0 = Release|Win32
	EndGlobalSection
	GlobalSection(SolutionProperties) = preSolution
		HideSolutionNode = FALSE
	EndGlobalSection
	GlobalSection(ExtensibilityGlobals) = postSolution
		SolutionGuid = {D6CE769C-13E6-49D9-A1E5-CB2900412596}
	EndGlobalSection
EndGlobal
